# This file is automatically @generated by Wally.
# It is not intended for manual editing.
registry = "test"

[[package]]
name = "evaera/matter"
version = "0.6.2"
dependencies = [["TestEZ", "roblox/testez@0.4.1"]]

[[package]]
name = "jules/gameadventure"
version = "0.1.0"
dependencies = [["matter", "evaera/matter@0.6.2"], ["red", "uncontained0/red@1.2.2"], ["signal", "sleitnick/signal@1.5.0"], ["datastore", "skylord-103/suphisdatastoremodule@1.0.0"]]

[[package]]
name = "roblox/testez"
version = "0.4.1"
dependencies = []

[[package]]
name = "skylord-103/suphisdatastoremodule"
version = "1.0.0"
dependencies = []

[[package]]
name = "sleitnick/signal"
version = "1.5.0"
dependencies = []

[[package]]
name = "uncontained0/red"
version = "1.2.2"
dependencies = []
